<?xml version="1.0" encoding="UTF-8" standalone="yes" ?>
<CodeBlocks_project_file>
	<FileVersion major="1" minor="6" />
	<Project>
		<Option title="cppFinal" />
		<Option pch_mode="2" />
		<Option compiler="gcc" />
		<Build>
			<Target title="Debug">
				<Option output="bin/Debug/cppFinal" prefix_auto="1" extension_auto="1" />
				<Option object_output="obj/Debug/" />
				<Option type="1" />
				<Option compiler="gcc" />
				<Compiler>
					<Add option="-g" />
				</Compiler>
			</Target>
			<Target title="Release">
				<Option output="bin/Release/cppFinal" prefix_auto="1" extension_auto="1" />
				<Option object_output="obj/Release/" />
				<Option type="1" />
				<Option compiler="gcc" />
				<Compiler>
					<Add option="-O2" />
				</Compiler>
				<Linker>
					<Add option="-s" />
				</Linker>
			</Target>
		</Build>
		<Compiler>
			<Add option="-Wall" />
			<Add option="-fexceptions" />
		</Compiler>
		<Unit filename="Client.cpp" />
		<Unit filename="Client.hpp" />
		<Unit filename="FileManager.cpp" />
		<Unit filename="FileManager.hpp" />
		<Unit filename="Person.cpp" />
		<Unit filename="Person.hpp" />
		<Unit filename="Project.cpp" />
		<Unit filename="Project.hpp" />
		<Unit filename="ProjectManagementSystem.cpp" />
		<Unit filename="ProjectManagementSystem.hpp" />
		<Unit filename="Task.cpp" />
		<Unit filename="Task.hpp" />
		<Unit filename="TeamMember.cpp" />
		<Unit filename="TeamMember.hpp" />
		<Unit filename="Vendor.cpp" />
		<Unit filename="Vendor.hpp" />
		<Unit filename="main.cpp" />
		<Extensions />
	</Project>
</CodeBlocks_project_file>
